
Microsoft Visual Studio Solution File, Format Version 12.00
# Visual Studio Version 17
VisualStudioVersion = 17.4.33110.190
MinimumVisualStudioVersion = 10.0.40219.1
Project("{FAE04EC0-301F-11D3-BF4B-00C04F79EFBC}") = "MySqrt", "MySqrt\MySqrt.csproj", "{908397FE-409B-4069-9400-08C5FD0A206F}"
EndProject
Global
	GlobalSection(SolutionConfigurationPlatforms) = preSolution
		Debug|Any CPU = Debug|Any CPU
		Release|Any CPU = Release|Any CPU
	EndGlobalSection
	GlobalSection(ProjectConfigurationPlatforms) = postSolution
		{908397FE-409B-4069-9400-08C5FD0A206F}.Debug|Any CPU.ActiveCfg = Debug|Any CPU
		{908397FE-409B-4069-9400-08C5FD0A206F}.Debug|Any CPU.Build.0 = Debug|Any CPU
		{908397FE-409B-4069-9400-08C5FD0A206F}.Release|Any CPU.ActiveCfg = Release|Any CPU
		{908397FE-409B-4069-9400-08C5FD0A206F}.Release|Any CPU.Build.0 = Release|Any CPU
	EndGlobalSection
	GlobalSection(SolutionProperties) = preSolution
		HideSolutionNode = FALSE
	EndGlobalSection
	GlobalSection(ExtensibilityGlobals) = postSolution
		SolutionGuid = {6AA6B452-3C44-483C-9124-20A89066E283}
	EndGlobalSection
EndGlobal
